// !$*UTF8*$!
{
	archiveVersion = 1;
	classes = {
	};
	objectVersion = 55;
	objects = {

/* Begin PBXBuildFile section */
		34454DE027866A4B00E37485 /* MLB_StatsApp.swift in Sources */ = {isa = PBXBuildFile; fileRef = 34454DDF27866A4B00E37485 /* MLB_StatsApp.swift */; };
		34454DE227866A4B00E37485 /* ContentView.swift in Sources */ = {isa = PBXBuildFile; fileRef = 34454DE127866A4B00E37485 /* ContentView.swift */; };
		34454DE427866A4D00E37485 /* Assets.xcassets in Resources */ = {isa = PBXBuildFile; fileRef = 34454DE327866A4D00E37485 /* Assets.xcassets */; };
		34454DE727866A4D00E37485 /* Preview Assets.xcassets in Resources */ = {isa = PBXBuildFile; fileRef = 34454DE627866A4D00E37485 /* Preview Assets.xcassets */; };
		34454DE927866A4D00E37485 /* Persistence.swift in Sources */ = {isa = PBXBuildFile; fileRef = 34454DE827866A4D00E37485 /* Persistence.swift */; };
		34454DEC27866A4D00E37485 /* MLB_Stats.xcdatamodeld in Sources */ = {isa = PBXBuildFile; fileRef = 34454DEA27866A4D00E37485 /* MLB_Stats.xcdatamodeld */; };
		34454DF72786920200E37485 /* MainView.swift in Sources */ = {isa = PBXBuildFile; fileRef = 34454DF62786920200E37485 /* MainView.swift */; };
		34454DF92786920D00E37485 /* SearchView.swift in Sources */ = {isa = PBXBuildFile; fileRef = 34454DF82786920D00E37485 /* SearchView.swift */; };
		34454DFB27869CF100E37485 /* Network.swift in Sources */ = {isa = PBXBuildFile; fileRef = 34454DFA27869CF100E37485 /* Network.swift */; };
		34454DFE27869E3700E37485 /* SearchModel.swift in Sources */ = {isa = PBXBuildFile; fileRef = 34454DFD27869E3700E37485 /* SearchModel.swift */; };
		34454E042787AFAC00E37485 /* Constants.swift in Sources */ = {isa = PBXBuildFile; fileRef = 34454E032787AFAC00E37485 /* Constants.swift */; };
		34454E072787CA7600E37485 /* PlayerView.swift in Sources */ = {isa = PBXBuildFile; fileRef = 34454E062787CA7600E37485 /* PlayerView.swift */; };
		34454E092788D8B700E37485 /* HIttingStatsModel.swift in Sources */ = {isa = PBXBuildFile; fileRef = 34454E082788D8B700E37485 /* HIttingStatsModel.swift */; };
		34454E0D278B804500E37485 /* FavouritesList.swift in Sources */ = {isa = PBXBuildFile; fileRef = 34454E0C278B804500E37485 /* FavouritesList.swift */; };
/* End PBXBuildFile section */

/* Begin PBXFileReference section */
		34454DDC27866A4B00E37485 /* MLB Stats.app */ = {isa = PBXFileReference; explicitFileType = wrapper.application; includeInIndex = 0; path = "MLB Stats.app"; sourceTree = BUILT_PRODUCTS_DIR; };
		34454DDF27866A4B00E37485 /* MLB_StatsApp.swift */ = {isa = PBXFileReference; lastKnownFileType = sourcecode.swift; path = MLB_StatsApp.swift; sourceTree = "<group>"; };
		34454DE127866A4B00E37485 /* ContentView.swift */ = {isa = PBXFileReference; lastKnownFileType = sourcecode.swift; path = ContentView.swift; sourceTree = "<group>"; };
		34454DE327866A4D00E37485 /* Assets.xcassets */ = {isa = PBXFileReference; lastKnownFileType = folder.assetcatalog; path = Assets.xcassets; sourceTree = "<group>"; };
		34454DE627866A4D00E37485 /* Preview Assets.xcassets */ = {isa = PBXFileReference; lastKnownFileType = folder.assetcatalog; path = "Preview Assets.xcassets"; sourceTree = "<group>"; };
		34454DE827866A4D00E37485 /* Persistence.swift */ = {isa = PBXFileReference; lastKnownFileType = sourcecode.swift; path = Persistence.swift; sourceTree = "<group>"; };
		34454DEB27866A4D00E37485 /* MLB_Stats.xcdatamodel */ = {isa = PBXFileReference; lastKnownFileType = wrapper.xcdatamodel; path = MLB_Stats.xcdatamodel; sourceTree = "<group>"; };
		34454DF62786920200E37485 /* MainView.swift */ = {isa = PBXFileReference; lastKnownFileType = sourcecode.swift; path = MainView.swift; sourceTree = "<group>"; };
		34454DF82786920D00E37485 /* SearchView.swift */ = {isa = PBXFileReference; lastKnownFileType = sourcecode.swift; path = SearchView.swift; sourceTree = "<group>"; };
		34454DFA27869CF100E37485 /* Network.swift */ = {isa = PBXFileReference; lastKnownFileType = sourcecode.swift; path = Network.swift; sourceTree = "<group>"; };
		34454DFD27869E3700E37485 /* SearchModel.swift */ = {isa = PBXFileReference; lastKnownFileType = sourcecode.swift; path = SearchModel.swift; sourceTree = "<group>"; };
		34454E032787AFAC00E37485 /* Constants.swift */ = {isa = PBXFileReference; lastKnownFileType = sourcecode.swift; path = Constants.swift; sourceTree = "<group>"; };
		34454E062787CA7600E37485 /* PlayerView.swift */ = {isa = PBXFileReference; lastKnownFileType = sourcecode.swift; path = PlayerView.swift; sourceTree = "<group>"; };
		34454E082788D8B700E37485 /* HIttingStatsModel.swift */ = {isa = PBXFileReference; lastKnownFileType = sourcecode.swift; path = HIttingStatsModel.swift; sourceTree = "<group>"; };
		34454E0C278B804500E37485 /* FavouritesList.swift */ = {isa = PBXFileReference; lastKnownFileType = sourcecode.swift; path = FavouritesList.swift; sourceTree = "<group>"; };
/* End PBXFileReference section */

/* Begin PBXFrameworksBuildPhase section */
		34454DD927866A4B00E37485 /* Frameworks */ = {
			isa = PBXFrameworksBuildPhase;
			buildActionMask = 2147483647;
			files = (
			);
			runOnlyForDeploymentPostprocessing = 0;
		};
/* End PBXFrameworksBuildPhase section */

/* Begin PBXGroup section */
		34454DD327866A4B00E37485 = {
			isa = PBXGroup;
			children = (
				34454DDE27866A4B00E37485 /* MLB Stats */,
				34454DDD27866A4B00E37485 /* Products */,
			);
			sourceTree = "<group>";
		};
		34454DDD27866A4B00E37485 /* Products */ = {
			isa = PBXGroup;
			children = (
				34454DDC27866A4B00E37485 /* MLB Stats.app */,
			);
			name = Products;
			sourceTree = "<group>";
		};
		34454DDE27866A4B00E37485 /* MLB Stats */ = {
			isa = PBXGroup;
			children = (
				34454DDF27866A4B00E37485 /* MLB_StatsApp.swift */,
				34454DF227866BCB00E37485 /* View */,
				34454DF327866BD000E37485 /* Model */,
				34454E052787AFB500E37485 /* Utility */,
				34454DF427866BF600E37485 /* Extension */,
				34454DE327866A4D00E37485 /* Assets.xcassets */,
				34454DE527866A4D00E37485 /* Preview Content */,
			);
			path = "MLB Stats";
			sourceTree = "<group>";
		};
		34454DE527866A4D00E37485 /* Preview Content */ = {
			isa = PBXGroup;
			children = (
				34454DE627866A4D00E37485 /* Preview Assets.xcassets */,
			);
			path = "Preview Content";
			sourceTree = "<group>";
		};
		34454DF227866BCB00E37485 /* View */ = {
			isa = PBXGroup;
			children = (
				34454DF62786920200E37485 /* MainView.swift */,
				34454DE127866A4B00E37485 /* ContentView.swift */,
				34454E0C278B804500E37485 /* FavouritesList.swift */,
				34454DF82786920D00E37485 /* SearchView.swift */,
				34454E062787CA7600E37485 /* PlayerView.swift */,
			);
			path = View;
			sourceTree = "<group>";
		};
		34454DF327866BD000E37485 /* Model */ = {
			isa = PBXGroup;
			children = (
				34454DFC27869E2600E37485 /* Core Data */,
				34454DFA27869CF100E37485 /* Network.swift */,
				34454DFD27869E3700E37485 /* SearchModel.swift */,
				34454E082788D8B700E37485 /* HIttingStatsModel.swift */,
			);
			path = Model;
			sourceTree = "<group>";
		};
		34454DF427866BF600E37485 /* Extension */ = {
			isa = PBXGroup;
			children = (
			);
			path = Extension;
			sourceTree = "<group>";
		};
		34454DFC27869E2600E37485 /* Core Data */ = {
			isa = PBXGroup;
			children = (
				34454DE827866A4D00E37485 /* Persistence.swift */,
				34454DEA27866A4D00E37485 /* MLB_Stats.xcdatamodeld */,
			);
			path = "Core Data";
			sourceTree = "<group>";
		};
		34454E052787AFB500E37485 /* Utility */ = {
			isa = PBXGroup;
			children = (
				34454E032787AFAC00E37485 /* Constants.swift */,
			);
			path = Utility;
			sourceTree = "<group>";
		};
/* End PBXGroup section */

/* Begin PBXNativeTarget section */
		34454DDB27866A4B00E37485 /* MLB Stats */ = {
			isa = PBXNativeTarget;
			buildConfigurationList = 34454DEF27866A4D00E37485 /* Build configuration list for PBXNativeTarget "MLB Stats" */;
			buildPhases = (
				34454DD827866A4B00E37485 /* Sources */,
				34454DD927866A4B00E37485 /* Frameworks */,
				34454DDA27866A4B00E37485 /* Resources */,
			);
			buildRules = (
			);
			dependencies = (
			);
			name = "MLB Stats";
			productName = "MLB Stats";
			productReference = 34454DDC27866A4B00E37485 /* MLB Stats.app */;
			productType = "com.apple.product-type.application";
		};
/* End PBXNativeTarget section */

/* Begin PBXProject section */
		34454DD427866A4B00E37485 /* Project object */ = {
			isa = PBXProject;
			attributes = {
				BuildIndependentTargetsInParallel = 1;
				LastSwiftUpdateCheck = 1320;
				LastUpgradeCheck = 1320;
				TargetAttributes = {
					34454DDB27866A4B00E37485 = {
						CreatedOnToolsVersion = 13.2.1;
					};
				};
			};
			buildConfigurationList = 34454DD727866A4B00E37485 /* Build configuration list for PBXProject "MLB Stats" */;
			compatibilityVersion = "Xcode 13.0";
			developmentRegion = en;
			hasScannedForEncodings = 0;
			knownRegions = (
				en,
				Base,
			);
			mainGroup = 34454DD327866A4B00E37485;
			productRefGroup = 34454DDD27866A4B00E37485 /* Products */;
			projectDirPath = "";
			projectRoot = "";
			targets = (
				34454DDB27866A4B00E37485 /* MLB Stats */,
			);
		};
/* End PBXProject section */

/* Begin PBXResourcesBuildPhase section */
		34454DDA27866A4B00E37485 /* Resources */ = {
			isa = PBXResourcesBuildPhase;
			buildActionMask = 2147483647;
			files = (
				34454DE727866A4D00E37485 /* Preview Assets.xcassets in Resources */,
				34454DE427866A4D00E37485 /* Assets.xcassets in Resources */,
			);
			runOnlyForDeploymentPostprocessing = 0;
		};
/* End PBXResourcesBuildPhase section */

/* Begin PBXSourcesBuildPhase section */
		34454DD827866A4B00E37485 /* Sources */ = {
			isa = PBXSourcesBuildPhase;
			buildActionMask = 2147483647;
			files = (
				34454DE927866A4D00E37485 /* Persistence.swift in Sources */,
				34454DE227866A4B00E37485 /* ContentView.swift in Sources */,
				34454DE027866A4B00E37485 /* MLB_StatsApp.swift in Sources */,
				34454E0D278B804500E37485 /* FavouritesList.swift in Sources */,
				34454E072787CA7600E37485 /* PlayerView.swift in Sources */,
				34454E092788D8B700E37485 /* HIttingStatsModel.swift in Sources */,
				34454DFE27869E3700E37485 /* SearchModel.swift in Sources */,
				34454DF72786920200E37485 /* MainView.swift in Sources */,
				34454DF92786920D00E37485 /* SearchView.swift in Sources */,
				34454DFB27869CF100E37485 /* Network.swift in Sources */,
				34454DEC27866A4D00E37485 /* MLB_Stats.xcdatamodeld in Sources */,
				34454E042787AFAC00E37485 /* Constants.swift in Sources */,
			);
			runOnlyForDeploymentPostprocessing = 0;
		};
/* End PBXSourcesBuildPhase section */

/* Begin XCBuildConfiguration section */
		34454DED27866A4D00E37485 /* Debug */ = {
			isa = XCBuildConfiguration;
			buildSettings = {
				ALWAYS_SEARCH_USER_PATHS = NO;
				CLANG_ANALYZER_NONNULL = YES;
				CLANG_ANALYZER_NUMBER_OBJECT_CONVERSION = YES_AGGRESSIVE;
				CLANG_CXX_LANGUAGE_STANDARD = "gnu++17";
				CLANG_CXX_LIBRARY = "libc++";
				CLANG_ENABLE_MODULES = YES;
				CLANG_ENABLE_OBJC_ARC = YES;
				CLANG_ENABLE_OBJC_WEAK = YES;
				CLANG_WARN_BLOCK_CAPTURE_AUTORELEASING = YES;
				CLANG_WARN_BOOL_CONVERSION = YES;
				CLANG_WARN_COMMA = YES;
				CLANG_WARN_CONSTANT_CONVERSION = YES;
				CLANG_WARN_DEPRECATED_OBJC_IMPLEMENTATIONS = YES;
				CLANG_WARN_DIRECT_OBJC_ISA_USAGE = YES_ERROR;
				CLANG_WARN_DOCUMENTATION_COMMENTS = YES;
				CLANG_WARN_EMPTY_BODY = YES;
				CLANG_WARN_ENUM_CONVERSION = YES;
				CLANG_WARN_INFINITE_RECURSION = YES;
				CLANG_WARN_INT_CONVERSION = YES;
				CLANG_WARN_NON_LITERAL_NULL_CONVERSION = YES;
				CLANG_WARN_OBJC_IMPLICIT_RETAIN_SELF = YES;
				CLANG_WARN_OBJC_LITERAL_CONVERSION = YES;
				CLANG_WARN_OBJC_ROOT_CLASS = YES_ERROR;
				CLANG_WARN_QUOTED_INCLUDE_IN_FRAMEWORK_HEADER = YES;
				CLANG_WARN_RANGE_LOOP_ANALYSIS = YES;
				CLANG_WARN_STRICT_PROTOTYPES = YES;
				CLANG_WARN_SUSPICIOUS_MOVE = YES;
				CLANG_WARN_UNGUARDED_AVAILABILITY = YES_AGGRESSIVE;
				CLANG_WARN_UNREACHABLE_CODE = YES;
				CLANG_WARN__DUPLICATE_METHOD_MATCH = YES;
				COPY_PHASE_STRIP = NO;
				DEBUG_INFORMATION_FORMAT = dwarf;
				ENABLE_STRICT_OBJC_MSGSEND = YES;
				ENABLE_TESTABILITY = YES;
				GCC_C_LANGUAGE_STANDARD = gnu11;
				GCC_DYNAMIC_NO_PIC = NO;
				GCC_NO_COMMON_BLOCKS = YES;
				GCC_OPTIMIZATION_LEVEL = 0;
				GCC_PREPROCESSOR_DEFINITIONS = (
					"DEBUG=1",
					"$(inherited)",
				);
				GCC_WARN_64_TO_32_BIT_CONVERSION = YES;
				GCC_WARN_ABOUT_RETURN_TYPE = YES_ERROR;
				GCC_WARN_UNDECLARED_SELECTOR = YES;
				GCC_WARN_UNINITIALIZED_AUTOS = YES_AGGRESSIVE;
				GCC_WARN_UNUSED_FUNCTION = YES;
				GCC_WARN_UNUSED_VARIABLE = YES;
				IPHONEOS_DEPLOYMENT_TARGET = 15.2;
				MTL_ENABLE_DEBUG_INFO = INCLUDE_SOURCE;
				MTL_FAST_MATH = YES;
				ONLY_ACTIVE_ARCH = YES;
				SDKROOT = iphoneos;
				SWIFT_ACTIVE_COMPILATION_CONDITIONS = DEBUG;
				SWIFT_OPTIMIZATION_LEVEL = "-Onone";
			};
			name = Debug;
		};
		34454DEE27866A4D00E37485 /* Release */ = {
			isa = XCBuildConfiguration;
			buildSettings = {
				ALWAYS_SEARCH_USER_PATHS = NO;
				CLANG_ANALYZER_NONNULL = YES;
				CLANG_ANALYZER_NUMBER_OBJECT_CONVERSION = YES_AGGRESSIVE;
				CLANG_CXX_LANGUAGE_STANDARD = "gnu++17";
				CLANG_CXX_LIBRARY = "libc++";
				CLANG_ENABLE_MODULES = YES;
				CLANG_ENABLE_OBJC_ARC = YES;
				CLANG_ENABLE_OBJC_WEAK = YES;
				CLANG_WARN_BLOCK_CAPTURE_AUTORELEASING = YES;
				CLANG_WARN_BOOL_CONVERSION = YES;
				CLANG_WARN_COMMA = YES;
				CLANG_WARN_CONSTANT_CONVERSION = YES;
				CLANG_WARN_DEPRECATED_OBJC_IMPLEMENTATIONS = YES;
				CLANG_WARN_DIRECT_OBJC_ISA_USAGE = YES_ERROR;
				CLANG_WARN_DOCUMENTATION_COMMENTS = YES;
				CLANG_WARN_EMPTY_BODY = YES;
				CLANG_WARN_ENUM_CONVERSION = YES;
				CLANG_WARN_INFINITE_RECURSION = YES;
				CLANG_WARN_INT_CONVERSION = YES;
				CLANG_WARN_NON_LITERAL_NULL_CONVERSION = YES;
				CLANG_WARN_OBJC_IMPLICIT_RETAIN_SELF = YES;
				CLANG_WARN_OBJC_LITERAL_CONVERSION = YES;
				CLANG_WARN_OBJC_ROOT_CLASS = YES_ERROR;
				CLANG_WARN_QUOTED_INCLUDE_IN_FRAMEWORK_HEADER = YES;
				CLANG_WARN_RANGE_LOOP_ANALYSIS = YES;
				CLANG_WARN_STRICT_PROTOTYPES = YES;
				CLANG_WARN_SUSPICIOUS_MOVE = YES;
				CLANG_WARN_UNGUARDED_AVAILABILITY = YES_AGGRESSIVE;
				CLANG_WARN_UNREACHABLE_CODE = YES;
				CLANG_WARN__DUPLICATE_METHOD_MATCH = YES;
				COPY_PHASE_STRIP = NO;
				DEBUG_INFORMATION_FORMAT = "dwarf-with-dsym";
				ENABLE_NS_ASSERTIONS = NO;
				ENABLE_STRICT_OBJC_MSGSEND = YES;
				GCC_C_LANGUAGE_STANDARD = gnu11;
				GCC_NO_COMMON_BLOCKS = YES;
				GCC_WARN_64_TO_32_BIT_CONVERSION = YES;
				GCC_WARN_ABOUT_RETURN_TYPE = YES_ERROR;
				GCC_WARN_UNDECLARED_SELECTOR = YES;
				GCC_WARN_UNINITIALIZED_AUTOS = YES_AGGRESSIVE;
				GCC_WARN_UNUSED_FUNCTION = YES;
				GCC_WARN_UNUSED_VARIABLE = YES;
				IPHONEOS_DEPLOYMENT_TARGET = 15.2;
				MTL_ENABLE_DEBUG_INFO = NO;
				MTL_FAST_MATH = YES;
				SDKROOT = iphoneos;
				SWIFT_COMPILATION_MODE = wholemodule;
				SWIFT_OPTIMIZATION_LEVEL = "-O";
				VALIDATE_PRODUCT = YES;
			};
			name = Release;
		};
		34454DF027866A4D00E37485 /* Debug */ = {
			isa = XCBuildConfiguration;
			buildSettings = {
				ASSETCATALOG_COMPILER_APPICON_NAME = AppIcon;
				ASSETCATALOG_COMPILER_GLOBAL_ACCENT_COLOR_NAME = AccentColor;
				CODE_SIGN_STYLE = Automatic;
				CURRENT_PROJECT_VERSION = 1;
				DEVELOPMENT_ASSET_PATHS = "\"MLB Stats/Preview Content\"";
				DEVELOPMENT_TEAM = E4Q3RG3K45;
				ENABLE_PREVIEWS = YES;
				GENERATE_INFOPLIST_FILE = YES;
				INFOPLIST_KEY_UIApplicationSceneManifest_Generation = YES;
				INFOPLIST_KEY_UIApplicationSupportsIndirectInputEvents = YES;
				INFOPLIST_KEY_UILaunchScreen_Generation = YES;
				INFOPLIST_KEY_UISupportedInterfaceOrientations_iPad = "UIInterfaceOrientationPortrait UIInterfaceOrientationPortraitUpsideDown UIInterfaceOrientationLandscapeLeft UIInterfaceOrientationLandscapeRight";
				INFOPLIST_KEY_UISupportedInterfaceOrientations_iPhone = "UIInterfaceOrientationPortrait UIInterfaceOrientationLandscapeLeft UIInterfaceOrientationLandscapeRight";
				LD_RUNPATH_SEARCH_PATHS = (
					"$(inherited)",
					"@executable_path/Frameworks",
				);
				MARKETING_VERSION = 1.0;
				PRODUCT_BUNDLE_IDENTIFIER = "com.williamwang.MLB-Stats";
				PRODUCT_NAME = "$(TARGET_NAME)";
				SWIFT_EMIT_LOC_STRINGS = YES;
				SWIFT_VERSION = 5.0;
				TARGETED_DEVICE_FAMILY = "1,2";
			};
			name = Debug;
		};
		34454DF127866A4D00E37485 /* Release */ = {
			isa = XCBuildConfiguration;
			buildSettings = {
				ASSETCATALOG_COMPILER_APPICON_NAME = AppIcon;
				ASSETCATALOG_COMPILER_GLOBAL_ACCENT_COLOR_NAME = AccentColor;
				CODE_SIGN_STYLE = Automatic;
				CURRENT_PROJECT_VERSION = 1;
				DEVELOPMENT_ASSET_PATHS = "\"MLB Stats/Preview Content\"";
				DEVELOPMENT_TEAM = E4Q3RG3K45;
				ENABLE_PREVIEWS = YES;
				GENERATE_INFOPLIST_FILE = YES;
				INFOPLIST_KEY_UIApplicationSceneManifest_Generation = YES;
				INFOPLIST_KEY_UIApplicationSupportsIndirectInputEvents = YES;
				INFOPLIST_KEY_UILaunchScreen_Generation = YES;
				INFOPLIST_KEY_UISupportedInterfaceOrientations_iPad = "UIInterfaceOrientationPortrait UIInterfaceOrientationPortraitUpsideDown UIInterfaceOrientationLandscapeLeft UIInterfaceOrientationLandscapeRight";
				INFOPLIST_KEY_UISupportedInterfaceOrientations_iPhone = "UIInterfaceOrientationPortrait UIInterfaceOrientationLandscapeLeft UIInterfaceOrientationLandscapeRight";
				LD_RUNPATH_SEARCH_PATHS = (
					"$(inherited)",
					"@executable_path/Frameworks",
				);
				MARKETING_VERSION = 1.0;
				PRODUCT_BUNDLE_IDENTIFIER = "com.williamwang.MLB-Stats";
				PRODUCT_NAME = "$(TARGET_NAME)";
				SWIFT_EMIT_LOC_STRINGS = YES;
				SWIFT_VERSION = 5.0;
				TARGETED_DEVICE_FAMILY = "1,2";
			};
			name = Release;
		};
/* End XCBuildConfiguration section */

/* Begin XCConfigurationList section */
		34454DD727866A4B00E37485 /* Build configuration list for PBXProject "MLB Stats" */ = {
			isa = XCConfigurationList;
			buildConfigurations = (
				34454DED27866A4D00E37485 /* Debug */,
				34454DEE27866A4D00E37485 /* Release */,
			);
			defaultConfigurationIsVisible = 0;
			defaultConfigurationName = Release;
		};
		34454DEF27866A4D00E37485 /* Build configuration list for PBXNativeTarget "MLB Stats" */ = {
			isa = XCConfigurationList;
			buildConfigurations = (
				34454DF027866A4D00E37485 /* Debug */,
				34454DF127866A4D00E37485 /* Release */,
			);
			defaultConfigurationIsVisible = 0;
			defaultConfigurationName = Release;
		};
/* End XCConfigurationList section */

/* Begin XCVersionGroup section */
		34454DEA27866A4D00E37485 /* MLB_Stats.xcdatamodeld */ = {
			isa = XCVersionGroup;
			children = (
				34454DEB27866A4D00E37485 /* MLB_Stats.xcdatamodel */,
			);
			currentVersion = 34454DEB27866A4D00E37485 /* MLB_Stats.xcdatamodel */;
			path = MLB_Stats.xcdatamodeld;
			sourceTree = "<group>";
			versionGroupType = wrapper.xcdatamodel;
		};
/* End XCVersionGroup section */
	};
	rootObject = 34454DD427866A4B00E37485 /* Project object */;
}
